
Microsoft Visual Studio Solution File, Format Version 12.00
# Visual Studio Version 17
VisualStudioVersion = 17.3.32819.101
MinimumVisualStudioVersion = 10.0.40219.1
Project("{FAE04EC0-301F-11D3-BF4B-00C04F79EFBC}") = "VotingApp.Domain", "VotingApp.Domain\VotingApp.Domain.csproj", "{4CACF670-40F4-45FB-99F6-F031AB2B86F2}"
EndProject
Project("{FAE04EC0-301F-11D3-BF4B-00C04F79EFBC}") = "VotingApp.Application", "VotingApp.Application\VotingApp.Application.csproj", "{8FF8C21B-7F7A-4B38-9A2A-BB06B3D2F4C5}"
EndProject
Project("{FAE04EC0-301F-11D3-BF4B-00C04F79EFBC}") = "VotingApp.Persistence", "VotingApp.Persistence\VotingApp.Persistence.csproj", "{5FED566A-24A7-4CAA-A73E-E2737B691FB9}"
EndProject
Project("{FAE04EC0-301F-11D3-BF4B-00C04F79EFBC}") = "VotingApp.API", "VotingApp.API\VotingApp.API.csproj", "{06545A02-0E05-4405-BBBC-4B559A6761C6}"
EndProject
Project("{FAE04EC0-301F-11D3-BF4B-00C04F79EFBC}") = "VotingApp.WebUI", "VotingApp.WebUI\VotingApp.WebUI.csproj", "{0EE7DC12-C984-44DA-BAF0-C4B1265FC2D6}"
EndProject
Global
	GlobalSection(SolutionConfigurationPlatforms) = preSolution
		Debug|Any CPU = Debug|Any CPU
		Release|Any CPU = Release|Any CPU
	EndGlobalSection
	GlobalSection(ProjectConfigurationPlatforms) = postSolution
		{4CACF670-40F4-45FB-99F6-F031AB2B86F2}.Debug|Any CPU.ActiveCfg = Debug|Any CPU
		{4CACF670-40F4-45FB-99F6-F031AB2B86F2}.Debug|Any CPU.Build.0 = Debug|Any CPU
		{4CACF670-40F4-45FB-99F6-F031AB2B86F2}.Release|Any CPU.ActiveCfg = Release|Any CPU
		{4CACF670-40F4-45FB-99F6-F031AB2B86F2}.Release|Any CPU.Build.0 = Release|Any CPU
		{8FF8C21B-7F7A-4B38-9A2A-BB06B3D2F4C5}.Debug|Any CPU.ActiveCfg = Debug|Any CPU
		{8FF8C21B-7F7A-4B38-9A2A-BB06B3D2F4C5}.Debug|Any CPU.Build.0 = Debug|Any CPU
		{8FF8C21B-7F7A-4B38-9A2A-BB06B3D2F4C5}.Release|Any CPU.ActiveCfg = Release|Any CPU
		{8FF8C21B-7F7A-4B38-9A2A-BB06B3D2F4C5}.Release|Any CPU.Build.0 = Release|Any CPU
		{5FED566A-24A7-4CAA-A73E-E2737B691FB9}.Debug|Any CPU.ActiveCfg = Debug|Any CPU
		{5FED566A-24A7-4CAA-A73E-E2737B691FB9}.Debug|Any CPU.Build.0 = Debug|Any CPU
		{5FED566A-24A7-4CAA-A73E-E2737B691FB9}.Release|Any CPU.ActiveCfg = Release|Any CPU
		{5FED566A-24A7-4CAA-A73E-E2737B691FB9}.Release|Any CPU.Build.0 = Release|Any CPU
		{06545A02-0E05-4405-BBBC-4B559A6761C6}.Debug|Any CPU.ActiveCfg = Debug|Any CPU
		{06545A02-0E05-4405-BBBC-4B559A6761C6}.Debug|Any CPU.Build.0 = Debug|Any CPU
		{06545A02-0E05-4405-BBBC-4B559A6761C6}.Release|Any CPU.ActiveCfg = Release|Any CPU
		{06545A02-0E05-4405-BBBC-4B559A6761C6}.Release|Any CPU.Build.0 = Release|Any CPU
		{0EE7DC12-C984-44DA-BAF0-C4B1265FC2D6}.Debug|Any CPU.ActiveCfg = Debug|Any CPU
		{0EE7DC12-C984-44DA-BAF0-C4B1265FC2D6}.Debug|Any CPU.Build.0 = Debug|Any CPU
		{0EE7DC12-C984-44DA-BAF0-C4B1265FC2D6}.Release|Any CPU.ActiveCfg = Release|Any CPU
		{0EE7DC12-C984-44DA-BAF0-C4B1265FC2D6}.Release|Any CPU.Build.0 = Release|Any CPU
	EndGlobalSection
	GlobalSection(SolutionProperties) = preSolution
		HideSolutionNode = FALSE
	EndGlobalSection
	GlobalSection(ExtensibilityGlobals) = postSolution
		SolutionGuid = {67C8FA76-508C-4873-9EE0-1D6483EF604B}
	EndGlobalSection
EndGlobal
